
Microsoft Visual Studio Solution File, Format Version 12.00
# Visual Studio Version 17
VisualStudioVersion = 17.14.36804.6 d17.14
MinimumVisualStudioVersion = 10.0.40219.1
Project("{FAE04EC0-301F-11D3-BF4B-00C04F79EFBC}") = "Cursos_Online", "Cursos_Online.csproj", "{27317291-B19A-46F9-8706-A1AEA8FEB958}"
EndProject
Global
	GlobalSection(SolutionConfigurationPlatforms) = preSolution
		Debug|Any CPU = Debug|Any CPU
		Release|Any CPU = Release|Any CPU
	EndGlobalSection
	GlobalSection(ProjectConfigurationPlatforms) = postSolution
		{27317291-B19A-46F9-8706-A1AEA8FEB958}.Debug|Any CPU.ActiveCfg = Debug|Any CPU
		{27317291-B19A-46F9-8706-A1AEA8FEB958}.Debug|Any CPU.Build.0 = Debug|Any CPU
		{27317291-B19A-46F9-8706-A1AEA8FEB958}.Release|Any CPU.ActiveCfg = Release|Any CPU
		{27317291-B19A-46F9-8706-A1AEA8FEB958}.Release|Any CPU.Build.0 = Release|Any CPU
	EndGlobalSection
	GlobalSection(SolutionProperties) = preSolution
		HideSolutionNode = FALSE
	EndGlobalSection
	GlobalSection(ExtensibilityGlobals) = postSolution
		SolutionGuid = {D3FF5019-ED46-4106-A15D-9847C5E4A662}
	EndGlobalSection
EndGlobal
